
Microsoft Visual Studio Solution File, Format Version 12.00
# Visual Studio 15
VisualStudioVersion = 15.0.27428.2015
MinimumVisualStudioVersion = 10.0.40219.1
Project("{9A19103F-16F7-4668-BE54-9A1E7A4F7556}") = "CloudStorageInstance", "CloudStorageInstance\CloudStorageInstance.csproj", "{1487CDDD-621E-466D-BCF2-A2224BE4E9D2}"
EndProject
Project("{9A19103F-16F7-4668-BE54-9A1E7A4F7556}") = "Contracts", "Contracts\Contracts.csproj", "{1B61EBBB-2589-42B8-85BE-D579738FCA2C}"
EndProject
Project("{FAE04EC0-301F-11D3-BF4B-00C04F79EFBC}") = "Utils", "Utils\Utils.csproj", "{30847D2C-EE3B-400F-9E3E-98FE5A9448AD}"
EndProject
Global
	GlobalSection(SolutionConfigurationPlatforms) = preSolution
		Debug|Any CPU = Debug|Any CPU
		Release|Any CPU = Release|Any CPU
	EndGlobalSection
	GlobalSection(ProjectConfigurationPlatforms) = postSolution
		{1487CDDD-621E-466D-BCF2-A2224BE4E9D2}.Debug|Any CPU.ActiveCfg = Debug|Any CPU
		{1487CDDD-621E-466D-BCF2-A2224BE4E9D2}.Debug|Any CPU.Build.0 = Debug|Any CPU
		{1487CDDD-621E-466D-BCF2-A2224BE4E9D2}.Release|Any CPU.ActiveCfg = Release|Any CPU
		{1487CDDD-621E-466D-BCF2-A2224BE4E9D2}.Release|Any CPU.Build.0 = Release|Any CPU
		{1B61EBBB-2589-42B8-85BE-D579738FCA2C}.Debug|Any CPU.ActiveCfg = Debug|Any CPU
		{1B61EBBB-2589-42B8-85BE-D579738FCA2C}.Debug|Any CPU.Build.0 = Debug|Any CPU
		{1B61EBBB-2589-42B8-85BE-D579738FCA2C}.Release|Any CPU.ActiveCfg = Release|Any CPU
		{1B61EBBB-2589-42B8-85BE-D579738FCA2C}.Release|Any CPU.Build.0 = Release|Any CPU
		{30847D2C-EE3B-400F-9E3E-98FE5A9448AD}.Debug|Any CPU.ActiveCfg = Debug|Any CPU
		{30847D2C-EE3B-400F-9E3E-98FE5A9448AD}.Debug|Any CPU.Build.0 = Debug|Any CPU
		{30847D2C-EE3B-400F-9E3E-98FE5A9448AD}.Release|Any CPU.ActiveCfg = Release|Any CPU
		{30847D2C-EE3B-400F-9E3E-98FE5A9448AD}.Release|Any CPU.Build.0 = Release|Any CPU
	EndGlobalSection
	GlobalSection(SolutionProperties) = preSolution
		HideSolutionNode = FALSE
	EndGlobalSection
	GlobalSection(ExtensibilityGlobals) = postSolution
		SolutionGuid = {4CC967FF-52DB-48E6-9E92-E1F60D27DE88}
	EndGlobalSection
EndGlobal
